
Microsoft Visual Studio Solution File, Format Version 12.00
# Visual Studio Version 17
VisualStudioVersion = 17.8.34309.116
MinimumVisualStudioVersion = 10.0.40219.1
Project("{8BC9CEB8-8B4A-11D0-8D11-00A0C91BC942}") = "Hello Device Driver!", "Hello Device Driver!\Hello Device Driver!.vcxproj", "{B99296C7-B345-458B-B695-9A92A041AA3E}"
EndProject
Global
	GlobalSection(SolutionConfigurationPlatforms) = preSolution
		Debug|ARM64 = Debug|ARM64
		Debug|x64 = Debug|x64
		Release|ARM64 = Release|ARM64
		Release|x64 = Release|x64
	EndGlobalSection
	GlobalSection(ProjectConfigurationPlatforms) = postSolution
		{B99296C7-B345-458B-B695-9A92A041AA3E}.Debug|ARM64.ActiveCfg = Debug|ARM64
		{B99296C7-B345-458B-B695-9A92A041AA3E}.Debug|ARM64.Build.0 = Debug|ARM64
		{B99296C7-B345-458B-B695-9A92A041AA3E}.Debug|ARM64.Deploy.0 = Debug|ARM64
		{B99296C7-B345-458B-B695-9A92A041AA3E}.Debug|x64.ActiveCfg = Debug|x64
		{B99296C7-B345-458B-B695-9A92A041AA3E}.Debug|x64.Build.0 = Debug|x64
		{B99296C7-B345-458B-B695-9A92A041AA3E}.Debug|x64.Deploy.0 = Debug|x64
		{B99296C7-B345-458B-B695-9A92A041AA3E}.Release|ARM64.ActiveCfg = Release|ARM64
		{B99296C7-B345-458B-B695-9A92A041AA3E}.Release|ARM64.Build.0 = Release|ARM64
		{B99296C7-B345-458B-B695-9A92A041AA3E}.Release|ARM64.Deploy.0 = Release|ARM64
		{B99296C7-B345-458B-B695-9A92A041AA3E}.Release|x64.ActiveCfg = Release|x64
		{B99296C7-B345-458B-B695-9A92A041AA3E}.Release|x64.Build.0 = Release|x64
		{B99296C7-B345-458B-B695-9A92A041AA3E}.Release|x64.Deploy.0 = Release|x64
	EndGlobalSection
	GlobalSection(SolutionProperties) = preSolution
		HideSolutionNode = FALSE
	EndGlobalSection
	GlobalSection(ExtensibilityGlobals) = postSolution
		SolutionGuid = {01D81850-E4AD-4E07-9860-93CE669C995F}
	EndGlobalSection
EndGlobal
